
Microsoft Visual Studio Solution File, Format Version 12.00
# Visual Studio Version 17
VisualStudioVersion = 17.2.32519.379
MinimumVisualStudioVersion = 10.0.40219.1
Project("{2150E333-8FDC-42A3-9474-1A3956D46DE8}") = "SolutionsItems", "SolutionsItems", "{342BB9EF-1A28-4BBF-8EAB-62360D09290C}"
EndProject
Project("{2150E333-8FDC-42A3-9474-1A3956D46DE8}") = "src", "src", "{3875151D-A365-414E-B591-5AF8C0AF47C5}"
EndProject
Project("{2150E333-8FDC-42A3-9474-1A3956D46DE8}") = "Tests", "Tests", "{A7C500CA-E436-4C4D-BE4C-F18ED62A9793}"
EndProject
Project("{9A19103F-16F7-4668-BE54-9A1E7A4F7556}") = "Api", "Api\Api.csproj", "{18598E74-82E4-4121-A1CF-DAD01CB9AE5A}"
EndProject
Project("{FAE04EC0-301F-11D3-BF4B-00C04F79EFBC}") = "Application", "Application\Application.csproj", "{C8C68F31-1160-40A4-9F78-0DBF92EDA61E}"
EndProject
Project("{9A19103F-16F7-4668-BE54-9A1E7A4F7556}") = "Domain", "Domain\Domain.csproj", "{40B653F1-9FF6-4076-B0B4-EF5D41258C2F}"
EndProject
Project("{9A19103F-16F7-4668-BE54-9A1E7A4F7556}") = "Infrastructure", "Infrastructure\Infrastructure.csproj", "{0BE98600-8214-4D42-B64D-817898B1AD43}"
EndProject
Global
	GlobalSection(SolutionConfigurationPlatforms) = preSolution
		Debug|Any CPU = Debug|Any CPU
		Release|Any CPU = Release|Any CPU
	EndGlobalSection
	GlobalSection(ProjectConfigurationPlatforms) = postSolution
		{18598E74-82E4-4121-A1CF-DAD01CB9AE5A}.Debug|Any CPU.ActiveCfg = Debug|Any CPU
		{18598E74-82E4-4121-A1CF-DAD01CB9AE5A}.Debug|Any CPU.Build.0 = Debug|Any CPU
		{18598E74-82E4-4121-A1CF-DAD01CB9AE5A}.Release|Any CPU.ActiveCfg = Release|Any CPU
		{18598E74-82E4-4121-A1CF-DAD01CB9AE5A}.Release|Any CPU.Build.0 = Release|Any CPU
		{C8C68F31-1160-40A4-9F78-0DBF92EDA61E}.Debug|Any CPU.ActiveCfg = Debug|Any CPU
		{C8C68F31-1160-40A4-9F78-0DBF92EDA61E}.Debug|Any CPU.Build.0 = Debug|Any CPU
		{C8C68F31-1160-40A4-9F78-0DBF92EDA61E}.Release|Any CPU.ActiveCfg = Release|Any CPU
		{C8C68F31-1160-40A4-9F78-0DBF92EDA61E}.Release|Any CPU.Build.0 = Release|Any CPU
		{40B653F1-9FF6-4076-B0B4-EF5D41258C2F}.Debug|Any CPU.ActiveCfg = Debug|Any CPU
		{40B653F1-9FF6-4076-B0B4-EF5D41258C2F}.Debug|Any CPU.Build.0 = Debug|Any CPU
		{40B653F1-9FF6-4076-B0B4-EF5D41258C2F}.Release|Any CPU.ActiveCfg = Release|Any CPU
		{40B653F1-9FF6-4076-B0B4-EF5D41258C2F}.Release|Any CPU.Build.0 = Release|Any CPU
		{0BE98600-8214-4D42-B64D-817898B1AD43}.Debug|Any CPU.ActiveCfg = Debug|Any CPU
		{0BE98600-8214-4D42-B64D-817898B1AD43}.Debug|Any CPU.Build.0 = Debug|Any CPU
		{0BE98600-8214-4D42-B64D-817898B1AD43}.Release|Any CPU.ActiveCfg = Release|Any CPU
		{0BE98600-8214-4D42-B64D-817898B1AD43}.Release|Any CPU.Build.0 = Release|Any CPU
	EndGlobalSection
	GlobalSection(SolutionProperties) = preSolution
		HideSolutionNode = FALSE
	EndGlobalSection
	GlobalSection(NestedProjects) = preSolution
		{18598E74-82E4-4121-A1CF-DAD01CB9AE5A} = {3875151D-A365-414E-B591-5AF8C0AF47C5}
		{C8C68F31-1160-40A4-9F78-0DBF92EDA61E} = {3875151D-A365-414E-B591-5AF8C0AF47C5}
		{40B653F1-9FF6-4076-B0B4-EF5D41258C2F} = {3875151D-A365-414E-B591-5AF8C0AF47C5}
		{0BE98600-8214-4D42-B64D-817898B1AD43} = {3875151D-A365-414E-B591-5AF8C0AF47C5}
	EndGlobalSection
	GlobalSection(ExtensibilityGlobals) = postSolution
		SolutionGuid = {45460229-5D06-4D24-A471-6304E9666CFC}
	EndGlobalSection
EndGlobal
